// !$*UTF8*$!
{
	archiveVersion = 1;
	classes = {
	};
	objectVersion = 46;
	objects = {

/* Begin PBXBuildFile section */
		8A287FA41B73716D009521F4 /* AppDelegate.swift in Sources */ = {isa = PBXBuildFile; fileRef = 8A287FA31B73716D009521F4 /* AppDelegate.swift */; };
		8A287FA61B73716D009521F4 /* ViewController.swift in Sources */ = {isa = PBXBuildFile; fileRef = 8A287FA51B73716D009521F4 /* ViewController.swift */; };
		8A287FA91B73716D009521F4 /* Main.storyboard in Resources */ = {isa = PBXBuildFile; fileRef = 8A287FA71B73716D009521F4 /* Main.storyboard */; };
		8A287FAB1B73716D009521F4 /* Images.xcassets in Resources */ = {isa = PBXBuildFile; fileRef = 8A287FAA1B73716D009521F4 /* Images.xcassets */; };
		8A287FAE1B73716D009521F4 /* LaunchScreen.xib in Resources */ = {isa = PBXBuildFile; fileRef = 8A287FAC1B73716D009521F4 /* LaunchScreen.xib */; };
		8A287FBA1B73716D009521F4 /* TokyoOlympicEmblemTests.swift in Sources */ = {isa = PBXBuildFile; fileRef = 8A287FB91B73716D009521F4 /* TokyoOlympicEmblemTests.swift */; };
		8A287FC61B7373D8009521F4 /* TOEView.swift in Sources */ = {isa = PBXBuildFile; fileRef = 8A287FC51B7373D8009521F4 /* TOEView.swift */; };
/* End PBXBuildFile section */

/* Begin PBXContainerItemProxy section */
		8A287FB41B73716D009521F4 /* PBXContainerItemProxy */ = {
			isa = PBXContainerItemProxy;
			containerPortal = 8A287F961B73716D009521F4 /* Project object */;
			proxyType = 1;
			remoteGlobalIDString = 8A287F9D1B73716D009521F4;
			remoteInfo = TokyoOlympicEmblem;
		};
/* End PBXContainerItemProxy section */

/* Begin PBXFileReference section */
		8A287F9E1B73716D009521F4 /* TokyoOlympicEmblem.app */ = {isa = PBXFileReference; explicitFileType = wrapper.application; includeInIndex = 0; path = TokyoOlympicEmblem.app; sourceTree = BUILT_PRODUCTS_DIR; };
		8A287FA21B73716D009521F4 /* Info.plist */ = {isa = PBXFileReference; lastKnownFileType = text.plist.xml; path = Info.plist; sourceTree = "<group>"; };
		8A287FA31B73716D009521F4 /* AppDelegate.swift */ = {isa = PBXFileReference; lastKnownFileType = sourcecode.swift; path = AppDelegate.swift; sourceTree = "<group>"; };
		8A287FA51B73716D009521F4 /* ViewController.swift */ = {isa = PBXFileReference; lastKnownFileType = sourcecode.swift; path = ViewController.swift; sourceTree = "<group>"; };
		8A287FA81B73716D009521F4 /* Base */ = {isa = PBXFileReference; lastKnownFileType = file.storyboard; name = Base; path = Base.lproj/Main.storyboard; sourceTree = "<group>"; };
		8A287FAA1B73716D009521F4 /* Images.xcassets */ = {isa = PBXFileReference; lastKnownFileType = folder.assetcatalog; path = Images.xcassets; sourceTree = "<group>"; };
		8A287FAD1B73716D009521F4 /* Base */ = {isa = PBXFileReference; lastKnownFileType = file.xib; name = Base; path = Base.lproj/LaunchScreen.xib; sourceTree = "<group>"; };
		8A287FB31B73716D009521F4 /* TokyoOlympicEmblemTests.xctest */ = {isa = PBXFileReference; explicitFileType = wrapper.cfbundle; includeInIndex = 0; path = TokyoOlympicEmblemTests.xctest; sourceTree = BUILT_PRODUCTS_DIR; };
		8A287FB81B73716D009521F4 /* Info.plist */ = {isa = PBXFileReference; lastKnownFileType = text.plist.xml; path = Info.plist; sourceTree = "<group>"; };
		8A287FB91B73716D009521F4 /* TokyoOlympicEmblemTests.swift */ = {isa = PBXFileReference; lastKnownFileType = sourcecode.swift; path = TokyoOlympicEmblemTests.swift; sourceTree = "<group>"; };
		8A287FC51B7373D8009521F4 /* TOEView.swift */ = {isa = PBXFileReference; fileEncoding = 4; lastKnownFileType = sourcecode.swift; path = TOEView.swift; sourceTree = "<group>"; };
/* End PBXFileReference section */

/* Begin PBXFrameworksBuildPhase section */
		8A287F9B1B73716D009521F4 /* Frameworks */ = {
			isa = PBXFrameworksBuildPhase;
			buildActionMask = 2147483647;
			files = (
			);
			runOnlyForDeploymentPostprocessing = 0;
		};
		8A287FB01B73716D009521F4 /* Frameworks */ = {
			isa = PBXFrameworksBuildPhase;
			buildActionMask = 2147483647;
			files = (
			);
			runOnlyForDeploymentPostprocessing = 0;
		};
/* End PBXFrameworksBuildPhase section */

/* Begin PBXGroup section */
		8A287F951B73716D009521F4 = {
			isa = PBXGroup;
			children = (
				8A287FA01B73716D009521F4 /* TokyoOlympicEmblem */,
				8A287FB61B73716D009521F4 /* TokyoOlympicEmblemTests */,
				8A287F9F1B73716D009521F4 /* Products */,
			);
			sourceTree = "<group>";
		};
		8A287F9F1B73716D009521F4 /* Products */ = {
			isa = PBXGroup;
			children = (
				8A287F9E1B73716D009521F4 /* TokyoOlympicEmblem.app */,
				8A287FB31B73716D009521F4 /* TokyoOlympicEmblemTests.xctest */,
			);
			name = Products;
			sourceTree = "<group>";
		};
		8A287FA01B73716D009521F4 /* TokyoOlympicEmblem */ = {
			isa = PBXGroup;
			children = (
				8A287FA31B73716D009521F4 /* AppDelegate.swift */,
				8A287FA51B73716D009521F4 /* ViewController.swift */,
				8A287FC51B7373D8009521F4 /* TOEView.swift */,
				8A287FA71B73716D009521F4 /* Main.storyboard */,
				8A287FAA1B73716D009521F4 /* Images.xcassets */,
				8A287FAC1B73716D009521F4 /* LaunchScreen.xib */,
				8A287FA11B73716D009521F4 /* Supporting Files */,
			);
			path = TokyoOlympicEmblem;
			sourceTree = "<group>";
		};
		8A287FA11B73716D009521F4 /* Supporting Files */ = {
			isa = PBXGroup;
			children = (
				8A287FA21B73716D009521F4 /* Info.plist */,
			);
			name = "Supporting Files";
			sourceTree = "<group>";
		};
		8A287FB61B73716D009521F4 /* TokyoOlympicEmblemTests */ = {
			isa = PBXGroup;
			children = (
				8A287FB91B73716D009521F4 /* TokyoOlympicEmblemTests.swift */,
				8A287FB71B73716D009521F4 /* Supporting Files */,
			);
			path = TokyoOlympicEmblemTests;
			sourceTree = "<group>";
		};
		8A287FB71B73716D009521F4 /* Supporting Files */ = {
			isa = PBXGroup;
			children = (
				8A287FB81B73716D009521F4 /* Info.plist */,
			);
			name = "Supporting Files";
			sourceTree = "<group>";
		};
/* End PBXGroup section */

/* Begin PBXNativeTarget section */
		8A287F9D1B73716D009521F4 /* TokyoOlympicEmblem */ = {
			isa = PBXNativeTarget;
			buildConfigurationList = 8A287FBD1B73716D009521F4 /* Build configuration list for PBXNativeTarget "TokyoOlympicEmblem" */;
			buildPhases = (
				8A287F9A1B73716D009521F4 /* Sources */,
				8A287F9B1B73716D009521F4 /* Frameworks */,
				8A287F9C1B73716D009521F4 /* Resources */,
			);
			buildRules = (
			);
			dependencies = (
			);
			name = TokyoOlympicEmblem;
			productName = TokyoOlympicEmblem;
			productReference = 8A287F9E1B73716D009521F4 /* TokyoOlympicEmblem.app */;
			productType = "com.apple.product-type.application";
		};
		8A287FB21B73716D009521F4 /* TokyoOlympicEmblemTests */ = {
			isa = PBXNativeTarget;
			buildConfigurationList = 8A287FC01B73716D009521F4 /* Build configuration list for PBXNativeTarget "TokyoOlympicEmblemTests" */;
			buildPhases = (
				8A287FAF1B73716D009521F4 /* Sources */,
				8A287FB01B73716D009521F4 /* Frameworks */,
				8A287FB11B73716D009521F4 /* Resources */,
			);
			buildRules = (
			);
			dependencies = (
				8A287FB51B73716D009521F4 /* PBXTargetDependency */,
			);
			name = TokyoOlympicEmblemTests;
			productName = TokyoOlympicEmblemTests;
			productReference = 8A287FB31B73716D009521F4 /* TokyoOlympicEmblemTests.xctest */;
			productType = "com.apple.product-type.bundle.unit-test";
		};
/* End PBXNativeTarget section */

/* Begin PBXProject section */
		8A287F961B73716D009521F4 /* Project object */ = {
			isa = PBXProject;
			attributes = {
				LastUpgradeCheck = 0640;
				ORGANIZATIONNAME = "Shuichi Tsutsumi";
				TargetAttributes = {
					8A287F9D1B73716D009521F4 = {
						CreatedOnToolsVersion = 6.4;
					};
					8A287FB21B73716D009521F4 = {
						CreatedOnToolsVersion = 6.4;
						TestTargetID = 8A287F9D1B73716D009521F4;
					};
				};
			};
			buildConfigurationList = 8A287F991B73716D009521F4 /* Build configuration list for PBXProject "TokyoOlympicEmblem" */;
			compatibilityVersion = "Xcode 3.2";
			developmentRegion = English;
			hasScannedForEncodings = 0;
			knownRegions = (
				en,
				Base,
			);
			mainGroup = 8A287F951B73716D009521F4;
			productRefGroup = 8A287F9F1B73716D009521F4 /* Products */;
			projectDirPath = "";
			projectRoot = "";
			targets = (
				8A287F9D1B73716D009521F4 /* TokyoOlympicEmblem */,
				8A287FB21B73716D009521F4 /* TokyoOlympicEmblemTests */,
			);
		};
/* End PBXProject section */

/* Begin PBXResourcesBuildPhase section */
		8A287F9C1B73716D009521F4 /* Resources */ = {
			isa = PBXResourcesBuildPhase;
			buildActionMask = 2147483647;
			files = (
				8A287FA91B73716D009521F4 /* Main.storyboard in Resources */,
				8A287FAE1B73716D009521F4 /* LaunchScreen.xib in Resources */,
				8A287FAB1B73716D009521F4 /* Images.xcassets in Resources */,
			);
			runOnlyForDeploymentPostprocessing = 0;
		};
		8A287FB11B73716D009521F4 /* Resources */ = {
			isa = PBXResourcesBuildPhase;
			buildActionMask = 2147483647;
			files = (
			);
			runOnlyForDeploymentPostprocessing = 0;
		};
/* End PBXResourcesBuildPhase section */

/* Begin PBXSourcesBuildPhase section */
		8A287F9A1B73716D009521F4 /* Sources */ = {
			isa = PBXSourcesBuildPhase;
			buildActionMask = 2147483647;
			files = (
				8A287FA61B73716D009521F4 /* ViewController.swift in Sources */,
				8A287FC61B7373D8009521F4 /* TOEView.swift in Sources */,
				8A287FA41B73716D009521F4 /* AppDelegate.swift in Sources */,
			);
			runOnlyForDeploymentPostprocessing = 0;
		};
		8A287FAF1B73716D009521F4 /* Sources */ = {
			isa = PBXSourcesBuildPhase;
			buildActionMask = 2147483647;
			files = (
				8A287FBA1B73716D009521F4 /* TokyoOlympicEmblemTests.swift in Sources */,
			);
			runOnlyForDeploymentPostprocessing = 0;
		};
/* End PBXSourcesBuildPhase section */

/* Begin PBXTargetDependency section */
		8A287FB51B73716D009521F4 /* PBXTargetDependency */ = {
			isa = PBXTargetDependency;
			target = 8A287F9D1B73716D009521F4 /* TokyoOlympicEmblem */;
			targetProxy = 8A287FB41B73716D009521F4 /* PBXContainerItemProxy */;
		};
/* End PBXTargetDependency section */

/* Begin PBXVariantGroup section */
		8A287FA71B73716D009521F4 /* Main.storyboard */ = {
			isa = PBXVariantGroup;
			children = (
				8A287FA81B73716D009521F4 /* Base */,
			);
			name = Main.storyboard;
			sourceTree = "<group>";
		};
		8A287FAC1B73716D009521F4 /* LaunchScreen.xib */ = {
			isa = PBXVariantGroup;
			children = (
				8A287FAD1B73716D009521F4 /* Base */,
			);
			name = LaunchScreen.xib;
			sourceTree = "<group>";
		};
/* End PBXVariantGroup section */

/* Begin XCBuildConfiguration section */
		8A287FBB1B73716D009521F4 /* Debug */ = {
			isa = XCBuildConfiguration;
			buildSettings = {
				ALWAYS_SEARCH_USER_PATHS = NO;
				CLANG_CXX_LANGUAGE_STANDARD = "gnu++0x";
				CLANG_CXX_LIBRARY = "libc++";
				CLANG_ENABLE_MODULES = YES;
				CLANG_ENABLE_OBJC_ARC = YES;
				CLANG_WARN_BOOL_CONVERSION = YES;
				CLANG_WARN_CONSTANT_CONVERSION = YES;
				CLANG_WARN_DIRECT_OBJC_ISA_USAGE = YES_ERROR;
				CLANG_WARN_EMPTY_BODY = YES;
				CLANG_WARN_ENUM_CONVERSION = YES;
				CLANG_WARN_INT_CONVERSION = YES;
				CLANG_WARN_OBJC_ROOT_CLASS = YES_ERROR;
				CLANG_WARN_UNREACHABLE_CODE = YES;
				CLANG_WARN__DUPLICATE_METHOD_MATCH = YES;
				"CODE_SIGN_IDENTITY[sdk=iphoneos*]" = "iPhone Developer";
				COPY_PHASE_STRIP = NO;
				DEBUG_INFORMATION_FORMAT = "dwarf-with-dsym";
				ENABLE_STRICT_OBJC_MSGSEND = YES;
				GCC_C_LANGUAGE_STANDARD = gnu99;
				GCC_DYNAMIC_NO_PIC = NO;
				GCC_NO_COMMON_BLOCKS = YES;
				GCC_OPTIMIZATION_LEVEL = 0;
				GCC_PREPROCESSOR_DEFINITIONS = (
					"DEBUG=1",
					"$(inherited)",
				);
				GCC_SYMBOLS_PRIVATE_EXTERN = NO;
				GCC_WARN_64_TO_32_BIT_CONVERSION = YES;
				GCC_WARN_ABOUT_RETURN_TYPE = YES_ERROR;
				GCC_WARN_UNDECLARED_SELECTOR = YES;
				GCC_WARN_UNINITIALIZED_AUTOS = YES_AGGRESSIVE;
				GCC_WARN_UNUSED_FUNCTION = YES;
				GCC_WARN_UNUSED_VARIABLE = YES;
				IPHONEOS_DEPLOYMENT_TARGET = 8.4;
				MTL_ENABLE_DEBUG_INFO = YES;
				ONLY_ACTIVE_ARCH = YES;
				SDKROOT = iphoneos;
				SWIFT_OPTIMIZATION_LEVEL = "-Onone";
			};
			name = Debug;
		};
		8A287FBC1B73716D009521F4 /* Release */ = {
			isa = XCBuildConfiguration;
			buildSettings = {
				ALWAYS_SEARCH_USER_PATHS = NO;
				CLANG_CXX_LANGUAGE_STANDARD = "gnu++0x";
				CLANG_CXX_LIBRARY = "libc++";
				CLANG_ENABLE_MODULES = YES;
				CLANG_ENABLE_OBJC_ARC = YES;
				CLANG_WARN_BOOL_CONVERSION = YES;
				CLANG_WARN_CONSTANT_CONVERSION = YES;
				CLANG_WARN_DIRECT_OBJC_ISA_USAGE = YES_ERROR;
				CLANG_WARN_EMPTY_BODY = YES;
				CLANG_WARN_ENUM_CONVERSION = YES;
				CLANG_WARN_INT_CONVERSION = YES;
				CLANG_WARN_OBJC_ROOT_CLASS = YES_ERROR;
				CLANG_WARN_UNREACHABLE_CODE = YES;
				CLANG_WARN__DUPLICATE_METHOD_MATCH = YES;
				"CODE_SIGN_IDENTITY[sdk=iphoneos*]" = "iPhone Developer";
				COPY_PHASE_STRIP = NO;
				DEBUG_INFORMATION_FORMAT = "dwarf-with-dsym";
				ENABLE_NS_ASSERTIONS = NO;
				ENABLE_STRICT_OBJC_MSGSEND = YES;
				GCC_C_LANGUAGE_STANDARD = gnu99;
				GCC_NO_COMMON_BLOCKS = YES;
				GCC_WARN_64_TO_32_BIT_CONVERSION = YES;
				GCC_WARN_ABOUT_RETURN_TYPE = YES_ERROR;
				GCC_WARN_UNDECLARED_SELECTOR = YES;
				GCC_WARN_UNINITIALIZED_AUTOS = YES_AGGRESSIVE;
				GCC_WARN_UNUSED_FUNCTION = YES;
				GCC_WARN_UNUSED_VARIABLE = YES;
				IPHONEOS_DEPLOYMENT_TARGET = 8.4;
				MTL_ENABLE_DEBUG_INFO = NO;
				SDKROOT = iphoneos;
				VALIDATE_PRODUCT = YES;
			};
			name = Release;
		};
		8A287FBE1B73716D009521F4 /* Debug */ = {
			isa = XCBuildConfiguration;
			buildSettings = {
				ASSETCATALOG_COMPILER_APPICON_NAME = AppIcon;
				INFOPLIST_FILE = TokyoOlympicEmblem/Info.plist;
				LD_RUNPATH_SEARCH_PATHS = "$(inherited) @executable_path/Frameworks";
				PRODUCT_NAME = "$(TARGET_NAME)";
			};
			name = Debug;
		};
		8A287FBF1B73716D009521F4 /* Release */ = {
			isa = XCBuildConfiguration;
			buildSettings = {
				ASSETCATALOG_COMPILER_APPICON_NAME = AppIcon;
				INFOPLIST_FILE = TokyoOlympicEmblem/Info.plist;
				LD_RUNPATH_SEARCH_PATHS = "$(inherited) @executable_path/Frameworks";
				PRODUCT_NAME = "$(TARGET_NAME)";
			};
			name = Release;
		};
		8A287FC11B73716D009521F4 /* Debug */ = {
			isa = XCBuildConfiguration;
			buildSettings = {
				BUNDLE_LOADER = "$(TEST_HOST)";
				FRAMEWORK_SEARCH_PATHS = (
					"$(SDKROOT)/Developer/Library/Frameworks",
					"$(inherited)",
				);
				GCC_PREPROCESSOR_DEFINITIONS = (
					"DEBUG=1",
					"$(inherited)",
				);
				INFOPLIST_FILE = TokyoOlympicEmblemTests/Info.plist;
				LD_RUNPATH_SEARCH_PATHS = "$(inherited) @executable_path/Frameworks @loader_path/Frameworks";
				PRODUCT_NAME = "$(TARGET_NAME)";
				TEST_HOST = "$(BUILT_PRODUCTS_DIR)/TokyoOlympicEmblem.app/TokyoOlympicEmblem";
			};
			name = Debug;
		};
		8A287FC21B73716D009521F4 /* Release */ = {
			isa = XCBuildConfiguration;
			buildSettings = {
				BUNDLE_LOADER = "$(TEST_HOST)";
				FRAMEWORK_SEARCH_PATHS = (
					"$(SDKROOT)/Developer/Library/Frameworks",
					"$(inherited)",
				);
				INFOPLIST_FILE = TokyoOlympicEmblemTests/Info.plist;
				LD_RUNPATH_SEARCH_PATHS = "$(inherited) @executable_path/Frameworks @loader_path/Frameworks";
				PRODUCT_NAME = "$(TARGET_NAME)";
				TEST_HOST = "$(BUILT_PRODUCTS_DIR)/TokyoOlympicEmblem.app/TokyoOlympicEmblem";
			};
			name = Release;
		};
/* End XCBuildConfiguration section */

/* Begin XCConfigurationList section */
		8A287F991B73716D009521F4 /* Build configuration list for PBXProject "TokyoOlympicEmblem" */ = {
			isa = XCConfigurationList;
			buildConfigurations = (
				8A287FBB1B73716D009521F4 /* Debug */,
				8A287FBC1B73716D009521F4 /* Release */,
			);
			defaultConfigurationIsVisible = 0;
			defaultConfigurationName = Release;
		};
		8A287FBD1B73716D009521F4 /* Build configuration list for PBXNativeTarget "TokyoOlympicEmblem" */ = {
			isa = XCConfigurationList;
			buildConfigurations = (
				8A287FBE1B73716D009521F4 /* Debug */,
				8A287FBF1B73716D009521F4 /* Release */,
			);
			defaultConfigurationIsVisible = 0;
		};
		8A287FC01B73716D009521F4 /* Build configuration list for PBXNativeTarget "TokyoOlympicEmblemTests" */ = {
			isa = XCConfigurationList;
			buildConfigurations = (
				8A287FC11B73716D009521F4 /* Debug */,
				8A287FC21B73716D009521F4 /* Release */,
			);
			defaultConfigurationIsVisible = 0;
		};
/* End XCConfigurationList section */
	};
	rootObject = 8A287F961B73716D009521F4 /* Project object */;
}
